<?xml version="1.0" encoding="UTF-8" standalone="yes" ?>
<CodeBlocks_project_file>
	<FileVersion major="1" minor="6" />
	<Project>
		<Option title="Trabalho1" />
		<Option pch_mode="2" />
		<Option compiler="gcc" />
		<Build>
			<Target title="Debug">
				<Option output="bin/Debug/Trabalho1" prefix_auto="1" extension_auto="1" />
				<Option object_output="obj/Debug/" />
				<Option type="1" />
				<Option compiler="gcc" />
				<Compiler>
					<Add option="-g" />
				</Compiler>
			</Target>
			<Target title="Release">
				<Option output="bin/Release/Trabalho1" prefix_auto="1" extension_auto="1" />
				<Option object_output="obj/Release/" />
				<Option type="1" />
				<Option compiler="gcc" />
				<Compiler>
					<Add option="-O2" />
				</Compiler>
				<Linker>
					<Add option="-s" />
				</Linker>
			</Target>
		</Build>
		<Compiler>
			<Add option="-Wall" />
		</Compiler>
		<Unit filename="Dominios/address.cpp" />
		<Unit filename="Dominios/address.hpp" />
		<Unit filename="Dominios/city.cpp" />
		<Unit filename="Dominios/city.hpp" />
		<Unit filename="Dominios/codigo.cpp" />
		<Unit filename="Dominios/codigo.hpp" />
		<Unit filename="Dominios/date.cpp" />
		<Unit filename="Dominios/date.hpp" />
		<Unit filename="Dominios/description.cpp" />
		<Unit filename="Dominios/description.hpp" />
		<Unit filename="Dominios/duration.cpp" />
		<Unit filename="Dominios/duration.hpp" />
		<Unit filename="Dominios/email.cpp" />
		<Unit filename="Dominios/email.hpp" />
		<Unit filename="Dominios/language.cpp" />
		<Unit filename="Dominios/language.hpp" />
		<Unit filename="Dominios/name.cpp" />
		<Unit filename="Dominios/name.hpp" />
		<Unit filename="Dominios/nota.cpp" />
		<Unit filename="Dominios/nota.hpp" />
		<Unit filename="Dominios/password.cpp" />
		<Unit filename="Dominios/password.hpp" />
		<Unit filename="Dominios/time.cpp" />
		<Unit filename="Dominios/time.hpp" />
		<Unit filename="Dominios/title.cpp" />
		<Unit filename="Dominios/title.hpp" />
		<Unit filename="Entidades/excurcao.cpp" />
		<Unit filename="Entidades/excurcao.hpp" />
		<Unit filename="Entidades/review.cpp" />
		<Unit filename="Entidades/review.hpp" />
		<Unit filename="Entidades/session.cpp" />
		<Unit filename="Entidades/session.hpp" />
		<Unit filename="Testes/Dominios/address_test.cpp" />
		<Unit filename="Testes/Dominios/address_test.hpp" />
		<Unit filename="Testes/Dominios/city_test.cpp" />
		<Unit filename="Testes/Dominios/city_test.hpp" />
		<Unit filename="Testes/Dominios/codigo_test.cpp" />
		<Unit filename="Testes/Dominios/codigo_test.hpp" />
		<Unit filename="Testes/Dominios/date_test.cpp" />
		<Unit filename="Testes/Dominios/date_test.hpp" />
		<Unit filename="Testes/Dominios/description_test.cpp" />
		<Unit filename="Testes/Dominios/description_test.hpp" />
		<Unit filename="Testes/Dominios/duration_test.cpp" />
		<Unit filename="Testes/Dominios/duration_test.hpp" />
		<Unit filename="Testes/Dominios/email_test.cpp" />
		<Unit filename="Testes/Dominios/email_test.hpp" />
		<Unit filename="Testes/Dominios/language_test.cpp" />
		<Unit filename="Testes/Dominios/language_test.hpp" />
		<Unit filename="Testes/Dominios/name_test.cpp" />
		<Unit filename="Testes/Dominios/name_test.hpp" />
		<Unit filename="Testes/Dominios/nota_test.cpp" />
		<Unit filename="Testes/Dominios/nota_test.hpp" />
		<Unit filename="Testes/Dominios/password_test.cpp" />
		<Unit filename="Testes/Dominios/password_test.hpp" />
		<Unit filename="Testes/Dominios/time_test.cpp" />
		<Unit filename="Testes/Dominios/time_test.hpp" />
		<Unit filename="Testes/Dominios/title_test.cpp" />
		<Unit filename="Testes/Dominios/title_test.hpp" />
		<Unit filename="Testes/Entidades/excurcao_test.cpp" />
		<Unit filename="Testes/Entidades/excurcao_test.hpp" />
		<Unit filename="Testes/Entidades/review_test.cpp" />
		<Unit filename="Testes/Entidades/review_test.hpp" />
		<Unit filename="Testes/Entidades/session_test.cpp" />
		<Unit filename="Testes/Entidades/session_test.hpp" />
		<Unit filename="main.cpp" />
		<Unit filename="main.hpp" />
		<Extensions />
	</Project>
</CodeBlocks_project_file>
